
Microsoft Visual Studio Solution File, Format Version 12.00
# Visual Studio Version 16
VisualStudioVersion = 16.0.31205.134
MinimumVisualStudioVersion = 10.0.40219.1
Project("{2150E333-8FDC-42A3-9474-1A3956D46DE8}") = "src", "src", "{2D6EA2B6-A321-4314-93F0-95B5B61A4887}"
EndProject
Project("{FAE04EC0-301F-11D3-BF4B-00C04F79EFBC}") = "Domain", "Domain\Domain.csproj", "{62EC7598-123F-4026-BE2C-87F084A040D1}"
EndProject
Project("{FAE04EC0-301F-11D3-BF4B-00C04F79EFBC}") = "Application", "Application\Application.csproj", "{58ECFAC6-1146-413B-8FB8-3C286BAA1836}"
EndProject
Project("{FAE04EC0-301F-11D3-BF4B-00C04F79EFBC}") = "Infrastructure", "Infrastructure\Infrastructure.csproj", "{BCBB6250-90B9-44C6-806C-AF501B1450F0}"
EndProject
Project("{FAE04EC0-301F-11D3-BF4B-00C04F79EFBC}") = "WebAPI", "WebAPI\WebAPI.csproj", "{6B7CACD3-4114-4EAC-8C15-C6E13AE9D10E}"
EndProject
Global
	GlobalSection(SolutionConfigurationPlatforms) = preSolution
		Debug|Any CPU = Debug|Any CPU
		Release|Any CPU = Release|Any CPU
	EndGlobalSection
	GlobalSection(ProjectConfigurationPlatforms) = postSolution
		{62EC7598-123F-4026-BE2C-87F084A040D1}.Debug|Any CPU.ActiveCfg = Debug|Any CPU
		{62EC7598-123F-4026-BE2C-87F084A040D1}.Debug|Any CPU.Build.0 = Debug|Any CPU
		{62EC7598-123F-4026-BE2C-87F084A040D1}.Release|Any CPU.ActiveCfg = Release|Any CPU
		{62EC7598-123F-4026-BE2C-87F084A040D1}.Release|Any CPU.Build.0 = Release|Any CPU
		{58ECFAC6-1146-413B-8FB8-3C286BAA1836}.Debug|Any CPU.ActiveCfg = Debug|Any CPU
		{58ECFAC6-1146-413B-8FB8-3C286BAA1836}.Debug|Any CPU.Build.0 = Debug|Any CPU
		{58ECFAC6-1146-413B-8FB8-3C286BAA1836}.Release|Any CPU.ActiveCfg = Release|Any CPU
		{58ECFAC6-1146-413B-8FB8-3C286BAA1836}.Release|Any CPU.Build.0 = Release|Any CPU
		{BCBB6250-90B9-44C6-806C-AF501B1450F0}.Debug|Any CPU.ActiveCfg = Debug|Any CPU
		{BCBB6250-90B9-44C6-806C-AF501B1450F0}.Debug|Any CPU.Build.0 = Debug|Any CPU
		{BCBB6250-90B9-44C6-806C-AF501B1450F0}.Release|Any CPU.ActiveCfg = Release|Any CPU
		{BCBB6250-90B9-44C6-806C-AF501B1450F0}.Release|Any CPU.Build.0 = Release|Any CPU
		{6B7CACD3-4114-4EAC-8C15-C6E13AE9D10E}.Debug|Any CPU.ActiveCfg = Debug|Any CPU
		{6B7CACD3-4114-4EAC-8C15-C6E13AE9D10E}.Debug|Any CPU.Build.0 = Debug|Any CPU
		{6B7CACD3-4114-4EAC-8C15-C6E13AE9D10E}.Release|Any CPU.ActiveCfg = Release|Any CPU
		{6B7CACD3-4114-4EAC-8C15-C6E13AE9D10E}.Release|Any CPU.Build.0 = Release|Any CPU
	EndGlobalSection
	GlobalSection(SolutionProperties) = preSolution
		HideSolutionNode = FALSE
	EndGlobalSection
	GlobalSection(NestedProjects) = preSolution
		{62EC7598-123F-4026-BE2C-87F084A040D1} = {2D6EA2B6-A321-4314-93F0-95B5B61A4887}
		{58ECFAC6-1146-413B-8FB8-3C286BAA1836} = {2D6EA2B6-A321-4314-93F0-95B5B61A4887}
		{BCBB6250-90B9-44C6-806C-AF501B1450F0} = {2D6EA2B6-A321-4314-93F0-95B5B61A4887}
	EndGlobalSection
	GlobalSection(ExtensibilityGlobals) = postSolution
		SolutionGuid = {25152C4D-76B6-4548-BFFC-627ABF9E366C}
	EndGlobalSection
EndGlobal
